
Microsoft Visual Studio Solution File, Format Version 12.00
# Visual Studio Version 16
VisualStudioVersion = 16.0.30204.135
MinimumVisualStudioVersion = 10.0.40219.1
Project("{8BC9CEB8-8B4A-11D0-8D11-00A0C91BC942}") = "libtes3", "libtes3\libtes3.vcxproj", "{28F58B4A-6C95-42DE-8556-B26F7A726653}"
EndProject
Project("{8BC9CEB8-8B4A-11D0-8D11-00A0C91BC942}") = "libtes3_test", "libtes3_test\libtes3_test.vcxproj", "{3F3442CF-0E2C-463C-AB84-662CE1622149}"
	ProjectSection(ProjectDependencies) = postProject
		{28F58B4A-6C95-42DE-8556-B26F7A726653} = {28F58B4A-6C95-42DE-8556-B26F7A726653}
	EndProjectSection
EndProject
Global
	GlobalSection(SolutionConfigurationPlatforms) = preSolution
		Debug|x64 = Debug|x64
		Debug|x86 = Debug|x86
		Release|x64 = Release|x64
		Release|x86 = Release|x86
	EndGlobalSection
	GlobalSection(ProjectConfigurationPlatforms) = postSolution
		{28F58B4A-6C95-42DE-8556-B26F7A726653}.Debug|x64.ActiveCfg = Debug|x64
		{28F58B4A-6C95-42DE-8556-B26F7A726653}.Debug|x64.Build.0 = Debug|x64
		{28F58B4A-6C95-42DE-8556-B26F7A726653}.Debug|x86.ActiveCfg = Debug|Win32
		{28F58B4A-6C95-42DE-8556-B26F7A726653}.Debug|x86.Build.0 = Debug|Win32
		{28F58B4A-6C95-42DE-8556-B26F7A726653}.Release|x64.ActiveCfg = Release|x64
		{28F58B4A-6C95-42DE-8556-B26F7A726653}.Release|x64.Build.0 = Release|x64
		{28F58B4A-6C95-42DE-8556-B26F7A726653}.Release|x86.ActiveCfg = Release|Win32
		{28F58B4A-6C95-42DE-8556-B26F7A726653}.Release|x86.Build.0 = Release|Win32
		{3F3442CF-0E2C-463C-AB84-662CE1622149}.Debug|x64.ActiveCfg = Debug|x64
		{3F3442CF-0E2C-463C-AB84-662CE1622149}.Debug|x64.Build.0 = Debug|x64
		{3F3442CF-0E2C-463C-AB84-662CE1622149}.Debug|x86.ActiveCfg = Debug|Win32
		{3F3442CF-0E2C-463C-AB84-662CE1622149}.Debug|x86.Build.0 = Debug|Win32
		{3F3442CF-0E2C-463C-AB84-662CE1622149}.Release|x64.ActiveCfg = Release|x64
		{3F3442CF-0E2C-463C-AB84-662CE1622149}.Release|x64.Build.0 = Release|x64
		{3F3442CF-0E2C-463C-AB84-662CE1622149}.Release|x86.ActiveCfg = Release|Win32
		{3F3442CF-0E2C-463C-AB84-662CE1622149}.Release|x86.Build.0 = Release|Win32
	EndGlobalSection
	GlobalSection(SolutionProperties) = preSolution
		HideSolutionNode = FALSE
	EndGlobalSection
	GlobalSection(ExtensibilityGlobals) = postSolution
		SolutionGuid = {840AB991-3B96-4EF4-99E5-292C09D25F30}
	EndGlobalSection
EndGlobal
