<?xml version="1.0" encoding="utf-8"?>
<Project ToolsVersion="4.0" xmlns="http://schemas.microsoft.com/developer/msbuild/2003">
  <ItemGroup>
    <ClInclude Include="pch.h" />
    <ClInclude Include="TES3Record.h" />
    <ClInclude Include="TES3Subrecord.h" />
    <ClInclude Include="TES3RecordIterator.h" />
    <ClInclude Include="TES3SubrecordIterator.h" />
    <ClInclude Include="TES3RecordType.h" />
    <ClInclude Include="TES3Plugin.h" />
    <ClInclude Include="RecordTypes\GMST.h">
      <Filter>RecordTypes</Filter>
    </ClInclude>
    <ClInclude Include="RecordTypes\GLOB.h">
      <Filter>RecordTypes</Filter>
    </ClInclude>
    <ClInclude Include="libtes3.h" />
    <ClInclude Include="TES3TypedRecordIterator.h" />
    <ClInclude Include="TES3RecordRange.h" />
    <ClInclude Include="TES3TypedRecordRange.h" />
    <ClInclude Include="RecordTypes\LTEX.h">
      <Filter>RecordTypes</Filter>
    </ClInclude>
    <ClInclude Include="RecordTypes\LAND.h">
      <Filter>RecordTypes</Filter>
    </ClInclude>
    <ClInclude Include="RecordTypes\SCPT.h">
      <Filter>RecordTypes</Filter>
    </ClInclude>
    <ClInclude Include="RecordTypes\STAT.h">
      <Filter>RecordTypes</Filter>
    </ClInclude>
    <ClInclude Include="RecordTypes\ACTI.h">
      <Filter>RecordTypes</Filter>
    </ClInclude>
    <ClInclude Include="RecordTypes\CONT.h">
      <Filter>RecordTypes</Filter>
    </ClInclude>
    <ClInclude Include="RecordTypes\DOOR.h">
      <Filter>RecordTypes</Filter>
    </ClInclude>
    <ClInclude Include="RecordTypes\LIGH.h">
      <Filter>RecordTypes</Filter>
    </ClInclude>
    <ClInclude Include="RecordTypes\CELL.h">
      <Filter>RecordTypes</Filter>
    </ClInclude>
    <ClInclude Include="RecordTypes\CELLRef.h">
      <Filter>RecordTypes</Filter>
    </ClInclude>
    <ClInclude Include="RecordTypes\TES3.h">
      <Filter>RecordTypes</Filter>
    </ClInclude>
    <ClInclude Include="nonstd_span.h" />
    <ClInclude Include="TES3PluginReader.h" />
    <ClInclude Include="RecordTypes\MISC.h">
      <Filter>RecordTypes</Filter>
    </ClInclude>
    <ClInclude Include="RecordTypes\APPA.h">
      <Filter>RecordTypes</Filter>
    </ClInclude>
    <ClInclude Include="RecordTypes\LOCK.h">
      <Filter>RecordTypes</Filter>
    </ClInclude>
    <ClInclude Include="RecordTypes\PROB.h">
      <Filter>RecordTypes</Filter>
    </ClInclude>
  </ItemGroup>
  <ItemGroup>
    <ClCompile Include="pch.cpp" />
    <ClCompile Include="TES3Record.cpp" />
    <ClCompile Include="TES3Subrecord.cpp" />
    <ClCompile Include="TES3RecordIterator.cpp" />
    <ClCompile Include="TES3SubrecordIterator.cpp" />
    <ClCompile Include="TES3Plugin.cpp" />
    <ClCompile Include="RecordTypes\GLOB.cpp">
      <Filter>RecordTypes</Filter>
    </ClCompile>
    <ClCompile Include="RecordTypes\GMST.cpp">
      <Filter>RecordTypes</Filter>
    </ClCompile>
    <ClCompile Include="TES3RecordRange.cpp" />
    <ClCompile Include="RecordTypes\LTEX.cpp">
      <Filter>RecordTypes</Filter>
    </ClCompile>
    <ClCompile Include="RecordTypes\LAND.cpp">
      <Filter>RecordTypes</Filter>
    </ClCompile>
    <ClCompile Include="RecordTypes\SCPT.cpp">
      <Filter>RecordTypes</Filter>
    </ClCompile>
    <ClCompile Include="RecordTypes\STAT.cpp">
      <Filter>RecordTypes</Filter>
    </ClCompile>
    <ClCompile Include="RecordTypes\ACTI.cpp">
      <Filter>RecordTypes</Filter>
    </ClCompile>
    <ClCompile Include="RecordTypes\CONT.cpp">
      <Filter>RecordTypes</Filter>
    </ClCompile>
    <ClCompile Include="RecordTypes\DOOR.cpp">
      <Filter>RecordTypes</Filter>
    </ClCompile>
    <ClCompile Include="RecordTypes\LIGH.cpp">
      <Filter>RecordTypes</Filter>
    </ClCompile>
    <ClCompile Include="RecordTypes\CELL.cpp">
      <Filter>RecordTypes</Filter>
    </ClCompile>
    <ClCompile Include="RecordTypes\CELLRef.cpp">
      <Filter>RecordTypes</Filter>
    </ClCompile>
    <ClCompile Include="RecordTypes\TES3.cpp">
      <Filter>RecordTypes</Filter>
    </ClCompile>
    <ClCompile Include="TES3PluginReader.cpp" />
    <ClCompile Include="RecordTypes\MISC.cpp">
      <Filter>RecordTypes</Filter>
    </ClCompile>
    <ClCompile Include="RecordTypes\APPA.cpp">
      <Filter>RecordTypes</Filter>
    </ClCompile>
    <ClCompile Include="RecordTypes\LOCK.cpp">
      <Filter>RecordTypes</Filter>
    </ClCompile>
    <ClCompile Include="RecordTypes\PROB.cpp">
      <Filter>RecordTypes</Filter>
    </ClCompile>
  </ItemGroup>
  <ItemGroup>
    <Filter Include="RecordTypes">
      <UniqueIdentifier>{db53fd60-bfa3-4aa8-8026-46af5d6441e7}</UniqueIdentifier>
    </Filter>
  </ItemGroup>
</Project>